
Microsoft Visual Studio Solution File, Format Version 12.00
# Visual Studio Version 17
VisualStudioVersion = 17.4.33122.133
MinimumVisualStudioVersion = 10.0.40219.1
Project("{FAE04EC0-301F-11D3-BF4B-00C04F79EFBC}") = "PlatfortmeDeFormationDeNouveauxRecrus", "PlatfortmeDeFormationDeNouveauxRecrus\PlatfortmeDeFormationDeNouveauxRecrus.csproj", "{BB47D91C-98A0-42AE-BEC4-3BA4318CC968}"
EndProject
Global
	GlobalSection(SolutionConfigurationPlatforms) = preSolution
		Debug|Any CPU = Debug|Any CPU
		Release|Any CPU = Release|Any CPU
	EndGlobalSection
	GlobalSection(ProjectConfigurationPlatforms) = postSolution
		{BB47D91C-98A0-42AE-BEC4-3BA4318CC968}.Debug|Any CPU.ActiveCfg = Debug|Any CPU
		{BB47D91C-98A0-42AE-BEC4-3BA4318CC968}.Debug|Any CPU.Build.0 = Debug|Any CPU
		{BB47D91C-98A0-42AE-BEC4-3BA4318CC968}.Release|Any CPU.ActiveCfg = Release|Any CPU
		{BB47D91C-98A0-42AE-BEC4-3BA4318CC968}.Release|Any CPU.Build.0 = Release|Any CPU
	EndGlobalSection
	GlobalSection(SolutionProperties) = preSolution
		HideSolutionNode = FALSE
	EndGlobalSection
	GlobalSection(ExtensibilityGlobals) = postSolution
		SolutionGuid = {4FAD19D3-55BA-4472-A7A9-2C4B5FCF23FA}
	EndGlobalSection
EndGlobal
